// !$*UTF8*$!
{
	archiveVersion = 1;
	classes = {
	};
	objectVersion = 46;
	objects = {

/* Begin PBXBuildFile section */
		000340B41BE85A0000848EF4 /* AppDelegate.swift in Sources */ = {isa = PBXBuildFile; fileRef = 000340B31BE85A0000848EF4 /* AppDelegate.swift */; };
		000340B61BE85A0000848EF4 /* ViewController.swift in Sources */ = {isa = PBXBuildFile; fileRef = 000340B51BE85A0000848EF4 /* ViewController.swift */; };
		000340B91BE85A0000848EF4 /* Main.storyboard in Resources */ = {isa = PBXBuildFile; fileRef = 000340B71BE85A0000848EF4 /* Main.storyboard */; };
		000340BB1BE85A0000848EF4 /* Assets.xcassets in Resources */ = {isa = PBXBuildFile; fileRef = 000340BA1BE85A0000848EF4 /* Assets.xcassets */; };
		000340BE1BE85A0000848EF4 /* LaunchScreen.storyboard in Resources */ = {isa = PBXBuildFile; fileRef = 000340BC1BE85A0000848EF4 /* LaunchScreen.storyboard */; };
		000340C61BE85DB900848EF4 /* TableViewController.swift in Sources */ = {isa = PBXBuildFile; fileRef = 000340C51BE85DB900848EF4 /* TableViewController.swift */; };
		000340C81BE862C700848EF4 /* CoreLocation.framework in Frameworks */ = {isa = PBXBuildFile; fileRef = 000340C71BE862C700848EF4 /* CoreLocation.framework */; };
/* End PBXBuildFile section */

/* Begin PBXFileReference section */
		000340B01BE85A0000848EF4 /* MemPlaces.app */ = {isa = PBXFileReference; explicitFileType = wrapper.application; includeInIndex = 0; path = MemPlaces.app; sourceTree = BUILT_PRODUCTS_DIR; };
		000340B31BE85A0000848EF4 /* AppDelegate.swift */ = {isa = PBXFileReference; lastKnownFileType = sourcecode.swift; path = AppDelegate.swift; sourceTree = "<group>"; };
		000340B51BE85A0000848EF4 /* ViewController.swift */ = {isa = PBXFileReference; lastKnownFileType = sourcecode.swift; path = ViewController.swift; sourceTree = "<group>"; };
		000340B81BE85A0000848EF4 /* Base */ = {isa = PBXFileReference; lastKnownFileType = file.storyboard; name = Base; path = Base.lproj/Main.storyboard; sourceTree = "<group>"; };
		000340BA1BE85A0000848EF4 /* Assets.xcassets */ = {isa = PBXFileReference; lastKnownFileType = folder.assetcatalog; path = Assets.xcassets; sourceTree = "<group>"; };
		000340BD1BE85A0000848EF4 /* Base */ = {isa = PBXFileReference; lastKnownFileType = file.storyboard; name = Base; path = Base.lproj/LaunchScreen.storyboard; sourceTree = "<group>"; };
		000340BF1BE85A0000848EF4 /* Info.plist */ = {isa = PBXFileReference; lastKnownFileType = text.plist.xml; path = Info.plist; sourceTree = "<group>"; };
		000340C51BE85DB900848EF4 /* TableViewController.swift */ = {isa = PBXFileReference; fileEncoding = 4; lastKnownFileType = sourcecode.swift; path = TableViewController.swift; sourceTree = "<group>"; };
		000340C71BE862C700848EF4 /* CoreLocation.framework */ = {isa = PBXFileReference; lastKnownFileType = wrapper.framework; name = CoreLocation.framework; path = System/Library/Frameworks/CoreLocation.framework; sourceTree = SDKROOT; };
/* End PBXFileReference section */

/* Begin PBXFrameworksBuildPhase section */
		000340AD1BE85A0000848EF4 /* Frameworks */ = {
			isa = PBXFrameworksBuildPhase;
			buildActionMask = 2147483647;
			files = (
				000340C81BE862C700848EF4 /* CoreLocation.framework in Frameworks */,
			);
			runOnlyForDeploymentPostprocessing = 0;
		};
/* End PBXFrameworksBuildPhase section */

/* Begin PBXGroup section */
		000340A71BE85A0000848EF4 = {
			isa = PBXGroup;
			children = (
				000340C71BE862C700848EF4 /* CoreLocation.framework */,
				000340B21BE85A0000848EF4 /* MemPlaces */,
				000340B11BE85A0000848EF4 /* Products */,
			);
			sourceTree = "<group>";
		};
		000340B11BE85A0000848EF4 /* Products */ = {
			isa = PBXGroup;
			children = (
				000340B01BE85A0000848EF4 /* MemPlaces.app */,
			);
			name = Products;
			sourceTree = "<group>";
		};
		000340B21BE85A0000848EF4 /* MemPlaces */ = {
			isa = PBXGroup;
			children = (
				000340B31BE85A0000848EF4 /* AppDelegate.swift */,
				000340B51BE85A0000848EF4 /* ViewController.swift */,
				000340C51BE85DB900848EF4 /* TableViewController.swift */,
				000340B71BE85A0000848EF4 /* Main.storyboard */,
				000340BA1BE85A0000848EF4 /* Assets.xcassets */,
				000340BC1BE85A0000848EF4 /* LaunchScreen.storyboard */,
				000340BF1BE85A0000848EF4 /* Info.plist */,
			);
			path = MemPlaces;
			sourceTree = "<group>";
		};
/* End PBXGroup section */

/* Begin PBXNativeTarget section */
		000340AF1BE85A0000848EF4 /* MemPlaces */ = {
			isa = PBXNativeTarget;
			buildConfigurationList = 000340C21BE85A0000848EF4 /* Build configuration list for PBXNativeTarget "MemPlaces" */;
			buildPhases = (
				000340AC1BE85A0000848EF4 /* Sources */,
				000340AD1BE85A0000848EF4 /* Frameworks */,
				000340AE1BE85A0000848EF4 /* Resources */,
			);
			buildRules = (
			);
			dependencies = (
			);
			name = MemPlaces;
			productName = MemPlaces;
			productReference = 000340B01BE85A0000848EF4 /* MemPlaces.app */;
			productType = "com.apple.product-type.application";
		};
/* End PBXNativeTarget section */

/* Begin PBXProject section */
		000340A81BE85A0000848EF4 /* Project object */ = {
			isa = PBXProject;
			attributes = {
				LastSwiftUpdateCheck = 0710;
				LastUpgradeCheck = 0710;
				ORGANIZATIONNAME = HardSoft;
				TargetAttributes = {
					000340AF1BE85A0000848EF4 = {
						CreatedOnToolsVersion = 7.1;
						DevelopmentTeam = C829Y33F33;
					};
				};
			};
			buildConfigurationList = 000340AB1BE85A0000848EF4 /* Build configuration list for PBXProject "MemPlaces" */;
			compatibilityVersion = "Xcode 3.2";
			developmentRegion = English;
			hasScannedForEncodings = 0;
			knownRegions = (
				en,
				Base,
			);
			mainGroup = 000340A71BE85A0000848EF4;
			productRefGroup = 000340B11BE85A0000848EF4 /* Products */;
			projectDirPath = "";
			projectRoot = "";
			targets = (
				000340AF1BE85A0000848EF4 /* MemPlaces */,
			);
		};
/* End PBXProject section */

/* Begin PBXResourcesBuildPhase section */
		000340AE1BE85A0000848EF4 /* Resources */ = {
			isa = PBXResourcesBuildPhase;
			buildActionMask = 2147483647;
			files = (
				000340BE1BE85A0000848EF4 /* LaunchScreen.storyboard in Resources */,
				000340BB1BE85A0000848EF4 /* Assets.xcassets in Resources */,
				000340B91BE85A0000848EF4 /* Main.storyboard in Resources */,
			);
			runOnlyForDeploymentPostprocessing = 0;
		};
/* End PBXResourcesBuildPhase section */

/* Begin PBXSourcesBuildPhase section */
		000340AC1BE85A0000848EF4 /* Sources */ = {
			isa = PBXSourcesBuildPhase;
			buildActionMask = 2147483647;
			files = (
				000340B61BE85A0000848EF4 /* ViewController.swift in Sources */,
				000340C61BE85DB900848EF4 /* TableViewController.swift in Sources */,
				000340B41BE85A0000848EF4 /* AppDelegate.swift in Sources */,
			);
			runOnlyForDeploymentPostprocessing = 0;
		};
/* End PBXSourcesBuildPhase section */

/* Begin PBXVariantGroup section */
		000340B71BE85A0000848EF4 /* Main.storyboard */ = {
			isa = PBXVariantGroup;
			children = (
				000340B81BE85A0000848EF4 /* Base */,
			);
			name = Main.storyboard;
			sourceTree = "<group>";
		};
		000340BC1BE85A0000848EF4 /* LaunchScreen.storyboard */ = {
			isa = PBXVariantGroup;
			children = (
				000340BD1BE85A0000848EF4 /* Base */,
			);
			name = LaunchScreen.storyboard;
			sourceTree = "<group>";
		};
/* End PBXVariantGroup section */

/* Begin XCBuildConfiguration section */
		000340C01BE85A0000848EF4 /* Debug */ = {
			isa = XCBuildConfiguration;
			buildSettings = {
				ALWAYS_SEARCH_USER_PATHS = NO;
				CLANG_CXX_LANGUAGE_STANDARD = "gnu++0x";
				CLANG_CXX_LIBRARY = "libc++";
				CLANG_ENABLE_MODULES = YES;
				CLANG_ENABLE_OBJC_ARC = YES;
				CLANG_WARN_BOOL_CONVERSION = YES;
				CLANG_WARN_CONSTANT_CONVERSION = YES;
				CLANG_WARN_DIRECT_OBJC_ISA_USAGE = YES_ERROR;
				CLANG_WARN_EMPTY_BODY = YES;
				CLANG_WARN_ENUM_CONVERSION = YES;
				CLANG_WARN_INT_CONVERSION = YES;
				CLANG_WARN_OBJC_ROOT_CLASS = YES_ERROR;
				CLANG_WARN_UNREACHABLE_CODE = YES;
				CLANG_WARN__DUPLICATE_METHOD_MATCH = YES;
				"CODE_SIGN_IDENTITY[sdk=iphoneos*]" = "iPhone Developer";
				COPY_PHASE_STRIP = NO;
				DEBUG_INFORMATION_FORMAT = dwarf;
				ENABLE_STRICT_OBJC_MSGSEND = YES;
				ENABLE_TESTABILITY = YES;
				GCC_C_LANGUAGE_STANDARD = gnu99;
				GCC_DYNAMIC_NO_PIC = NO;
				GCC_NO_COMMON_BLOCKS = YES;
				GCC_OPTIMIZATION_LEVEL = 0;
				GCC_PREPROCESSOR_DEFINITIONS = (
					"DEBUG=1",
					"$(inherited)",
				);
				GCC_WARN_64_TO_32_BIT_CONVERSION = YES;
				GCC_WARN_ABOUT_RETURN_TYPE = YES_ERROR;
				GCC_WARN_UNDECLARED_SELECTOR = YES;
				GCC_WARN_UNINITIALIZED_AUTOS = YES_AGGRESSIVE;
				GCC_WARN_UNUSED_FUNCTION = YES;
				GCC_WARN_UNUSED_VARIABLE = YES;
				IPHONEOS_DEPLOYMENT_TARGET = 9.1;
				MTL_ENABLE_DEBUG_INFO = YES;
				ONLY_ACTIVE_ARCH = YES;
				SDKROOT = iphoneos;
				SWIFT_OPTIMIZATION_LEVEL = "-Onone";
			};
			name = Debug;
		};
		000340C11BE85A0000848EF4 /* Release */ = {
			isa = XCBuildConfiguration;
			buildSettings = {
				ALWAYS_SEARCH_USER_PATHS = NO;
				CLANG_CXX_LANGUAGE_STANDARD = "gnu++0x";
				CLANG_CXX_LIBRARY = "libc++";
				CLANG_ENABLE_MODULES = YES;
				CLANG_ENABLE_OBJC_ARC = YES;
				CLANG_WARN_BOOL_CONVERSION = YES;
				CLANG_WARN_CONSTANT_CONVERSION = YES;
				CLANG_WARN_DIRECT_OBJC_ISA_USAGE = YES_ERROR;
				CLANG_WARN_EMPTY_BODY = YES;
				CLANG_WARN_ENUM_CONVERSION = YES;
				CLANG_WARN_INT_CONVERSION = YES;
				CLANG_WARN_OBJC_ROOT_CLASS = YES_ERROR;
				CLANG_WARN_UNREACHABLE_CODE = YES;
				CLANG_WARN__DUPLICATE_METHOD_MATCH = YES;
				"CODE_SIGN_IDENTITY[sdk=iphoneos*]" = "iPhone Developer";
				COPY_PHASE_STRIP = NO;
				DEBUG_INFORMATION_FORMAT = "dwarf-with-dsym";
				ENABLE_NS_ASSERTIONS = NO;
				ENABLE_STRICT_OBJC_MSGSEND = YES;
				GCC_C_LANGUAGE_STANDARD = gnu99;
				GCC_NO_COMMON_BLOCKS = YES;
				GCC_WARN_64_TO_32_BIT_CONVERSION = YES;
				GCC_WARN_ABOUT_RETURN_TYPE = YES_ERROR;
				GCC_WARN_UNDECLARED_SELECTOR = YES;
				GCC_WARN_UNINITIALIZED_AUTOS = YES_AGGRESSIVE;
				GCC_WARN_UNUSED_FUNCTION = YES;
				GCC_WARN_UNUSED_VARIABLE = YES;
				IPHONEOS_DEPLOYMENT_TARGET = 9.1;
				MTL_ENABLE_DEBUG_INFO = NO;
				SDKROOT = iphoneos;
				VALIDATE_PRODUCT = YES;
			};
			name = Release;
		};
		000340C31BE85A0000848EF4 /* Debug */ = {
			isa = XCBuildConfiguration;
			buildSettings = {
				ASSETCATALOG_COMPILER_APPICON_NAME = AppIcon;
				INFOPLIST_FILE = MemPlaces/Info.plist;
				LD_RUNPATH_SEARCH_PATHS = "$(inherited) @executable_path/Frameworks";
				PRODUCT_BUNDLE_IDENTIFIER = com.hardsoft.MemPlaces;
				PRODUCT_NAME = "$(TARGET_NAME)";
			};
			name = Debug;
		};
		000340C41BE85A0000848EF4 /* Release */ = {
			isa = XCBuildConfiguration;
			buildSettings = {
				ASSETCATALOG_COMPILER_APPICON_NAME = AppIcon;
				INFOPLIST_FILE = MemPlaces/Info.plist;
				LD_RUNPATH_SEARCH_PATHS = "$(inherited) @executable_path/Frameworks";
				PRODUCT_BUNDLE_IDENTIFIER = com.hardsoft.MemPlaces;
				PRODUCT_NAME = "$(TARGET_NAME)";
			};
			name = Release;
		};
/* End XCBuildConfiguration section */

/* Begin XCConfigurationList section */
		000340AB1BE85A0000848EF4 /* Build configuration list for PBXProject "MemPlaces" */ = {
			isa = XCConfigurationList;
			buildConfigurations = (
				000340C01BE85A0000848EF4 /* Debug */,
				000340C11BE85A0000848EF4 /* Release */,
			);
			defaultConfigurationIsVisible = 0;
			defaultConfigurationName = Release;
		};
		000340C21BE85A0000848EF4 /* Build configuration list for PBXNativeTarget "MemPlaces" */ = {
			isa = XCConfigurationList;
			buildConfigurations = (
				000340C31BE85A0000848EF4 /* Debug */,
				000340C41BE85A0000848EF4 /* Release */,
			);
			defaultConfigurationIsVisible = 0;
		};
/* End XCConfigurationList section */
	};
	rootObject = 000340A81BE85A0000848EF4 /* Project object */;
}
